
Microsoft Visual Studio Solution File, Format Version 12.00
# Visual Studio Version 17
VisualStudioVersion = 17.9.34723.18
MinimumVisualStudioVersion = 10.0.40219.1
Project("{FAE04EC0-301F-11D3-BF4B-00C04F79EFBC}") = "proyectdioni", "proyectdioni\proyectdioni.csproj", "{06D9A3DC-771C-47AE-A836-6420FC0FD184}"
EndProject
Global
	GlobalSection(SolutionConfigurationPlatforms) = preSolution
		Debug|Any CPU = Debug|Any CPU
		Release|Any CPU = Release|Any CPU
	EndGlobalSection
	GlobalSection(ProjectConfigurationPlatforms) = postSolution
		{06D9A3DC-771C-47AE-A836-6420FC0FD184}.Debug|Any CPU.ActiveCfg = Debug|Any CPU
		{06D9A3DC-771C-47AE-A836-6420FC0FD184}.Debug|Any CPU.Build.0 = Debug|Any CPU
		{06D9A3DC-771C-47AE-A836-6420FC0FD184}.Release|Any CPU.ActiveCfg = Release|Any CPU
		{06D9A3DC-771C-47AE-A836-6420FC0FD184}.Release|Any CPU.Build.0 = Release|Any CPU
	EndGlobalSection
	GlobalSection(SolutionProperties) = preSolution
		HideSolutionNode = FALSE
	EndGlobalSection
	GlobalSection(ExtensibilityGlobals) = postSolution
		SolutionGuid = {534BE3C6-BDB2-403B-937F-D5FFDE7EDF65}
	EndGlobalSection
EndGlobal
